
Microsoft Visual Studio Solution File, Format Version 12.00
# Visual Studio 15
VisualStudioVersion = 15.0.27703.2018
MinimumVisualStudioVersion = 10.0.40219.1
Project("{9A19103F-16F7-4668-BE54-9A1E7A4F7556}") = "BlazeCup", "BlazeCup\BlazeCup.csproj", "{D6E81725-9BD9-40A3-9509-5C3A1179DE73}"
EndProject
Project("{9A19103F-16F7-4668-BE54-9A1E7A4F7556}") = "BlazeCupTests", "BlazeCupTests\BlazeCupTests.csproj", "{EAD5681B-448E-4DB1-8F0C-03641E6769FE}"
EndProject
Project("{9A19103F-16F7-4668-BE54-9A1E7A4F7556}") = "BlazeCup.Logic", "Logic\BlazeCup.Logic.csproj", "{67EAF493-22A1-4B97-A23E-A1A6B4E0F64C}"
EndProject
Global
	GlobalSection(SolutionConfigurationPlatforms) = preSolution
		Debug|Any CPU = Debug|Any CPU
		Release|Any CPU = Release|Any CPU
	EndGlobalSection
	GlobalSection(ProjectConfigurationPlatforms) = postSolution
		{D6E81725-9BD9-40A3-9509-5C3A1179DE73}.Debug|Any CPU.ActiveCfg = Debug|Any CPU
		{D6E81725-9BD9-40A3-9509-5C3A1179DE73}.Debug|Any CPU.Build.0 = Debug|Any CPU
		{D6E81725-9BD9-40A3-9509-5C3A1179DE73}.Release|Any CPU.ActiveCfg = Release|Any CPU
		{D6E81725-9BD9-40A3-9509-5C3A1179DE73}.Release|Any CPU.Build.0 = Release|Any CPU
		{EAD5681B-448E-4DB1-8F0C-03641E6769FE}.Debug|Any CPU.ActiveCfg = Debug|Any CPU
		{EAD5681B-448E-4DB1-8F0C-03641E6769FE}.Debug|Any CPU.Build.0 = Debug|Any CPU
		{EAD5681B-448E-4DB1-8F0C-03641E6769FE}.Release|Any CPU.ActiveCfg = Release|Any CPU
		{EAD5681B-448E-4DB1-8F0C-03641E6769FE}.Release|Any CPU.Build.0 = Release|Any CPU
		{67EAF493-22A1-4B97-A23E-A1A6B4E0F64C}.Debug|Any CPU.ActiveCfg = Debug|Any CPU
		{67EAF493-22A1-4B97-A23E-A1A6B4E0F64C}.Debug|Any CPU.Build.0 = Debug|Any CPU
		{67EAF493-22A1-4B97-A23E-A1A6B4E0F64C}.Release|Any CPU.ActiveCfg = Release|Any CPU
		{67EAF493-22A1-4B97-A23E-A1A6B4E0F64C}.Release|Any CPU.Build.0 = Release|Any CPU
	EndGlobalSection
	GlobalSection(SolutionProperties) = preSolution
		HideSolutionNode = FALSE
	EndGlobalSection
	GlobalSection(ExtensibilityGlobals) = postSolution
		SolutionGuid = {F06C3A45-C833-4601-AADF-D691448B2BAF}
	EndGlobalSection
EndGlobal
